
Microsoft Visual Studio Solution File, Format Version 12.00
# Visual Studio Version 17
VisualStudioVersion = 17.4.33205.214
MinimumVisualStudioVersion = 10.0.40219.1
Project("{FAE04EC0-301F-11D3-BF4B-00C04F79EFBC}") = "labyrinthe", "labyrinthe\labyrinthe.csproj", "{1B2CF932-7FF3-4B5A-8035-2C23AFB9EA14}"
EndProject
Global
	GlobalSection(SolutionConfigurationPlatforms) = preSolution
		Debug|Any CPU = Debug|Any CPU
		Release|Any CPU = Release|Any CPU
	EndGlobalSection
	GlobalSection(ProjectConfigurationPlatforms) = postSolution
		{1B2CF932-7FF3-4B5A-8035-2C23AFB9EA14}.Debug|Any CPU.ActiveCfg = Debug|Any CPU
		{1B2CF932-7FF3-4B5A-8035-2C23AFB9EA14}.Debug|Any CPU.Build.0 = Debug|Any CPU
		{1B2CF932-7FF3-4B5A-8035-2C23AFB9EA14}.Release|Any CPU.ActiveCfg = Release|Any CPU
		{1B2CF932-7FF3-4B5A-8035-2C23AFB9EA14}.Release|Any CPU.Build.0 = Release|Any CPU
	EndGlobalSection
	GlobalSection(SolutionProperties) = preSolution
		HideSolutionNode = FALSE
	EndGlobalSection
	GlobalSection(ExtensibilityGlobals) = postSolution
		SolutionGuid = {63DEAADF-C8C0-4E71-8792-080B2E3BA98C}
	EndGlobalSection
EndGlobal
